// !$*UTF8*$!
{
	archiveVersion = 1;
	classes = {
	};
	objectVersion = 46;
	objects = {

/* Begin PBXBuildFile section */
		8AD8DB9F1AC1C12E000759FE /* main.m in Sources */ = {isa = PBXBuildFile; fileRef = 8AD8DB9E1AC1C12E000759FE /* main.m */; };
		8AD8DBA21AC1C12E000759FE /* AppDelegate.m in Sources */ = {isa = PBXBuildFile; fileRef = 8AD8DBA11AC1C12E000759FE /* AppDelegate.m */; };
		8AD8DBA51AC1C12E000759FE /* GameScene.m in Sources */ = {isa = PBXBuildFile; fileRef = 8AD8DBA41AC1C12E000759FE /* GameScene.m */; };
		8AD8DBA71AC1C12E000759FE /* GameScene.sks in Resources */ = {isa = PBXBuildFile; fileRef = 8AD8DBA61AC1C12E000759FE /* GameScene.sks */; };
		8AD8DBAA1AC1C12E000759FE /* GameViewController.m in Sources */ = {isa = PBXBuildFile; fileRef = 8AD8DBA91AC1C12E000759FE /* GameViewController.m */; };
		8AD8DBAD1AC1C12E000759FE /* Main.storyboard in Resources */ = {isa = PBXBuildFile; fileRef = 8AD8DBAB1AC1C12E000759FE /* Main.storyboard */; };
		8AD8DBAF1AC1C12E000759FE /* Images.xcassets in Resources */ = {isa = PBXBuildFile; fileRef = 8AD8DBAE1AC1C12E000759FE /* Images.xcassets */; };
		8AD8DBB21AC1C12E000759FE /* LaunchScreen.xib in Resources */ = {isa = PBXBuildFile; fileRef = 8AD8DBB01AC1C12E000759FE /* LaunchScreen.xib */; };
		8AD8DBBE1AC1C12E000759FE /* GameSpritekitTests.m in Sources */ = {isa = PBXBuildFile; fileRef = 8AD8DBBD1AC1C12E000759FE /* GameSpritekitTests.m */; };
		8AD8DBC91AC1C41C000759FE /* Right.m in Sources */ = {isa = PBXBuildFile; fileRef = 8AD8DBC81AC1C41C000759FE /* Right.m */; };
		8AD8DBCC1AC1D0D5000759FE /* Left.m in Sources */ = {isa = PBXBuildFile; fileRef = 8AD8DBCB1AC1D0D5000759FE /* Left.m */; };
/* End PBXBuildFile section */

/* Begin PBXContainerItemProxy section */
		8AD8DBB81AC1C12E000759FE /* PBXContainerItemProxy */ = {
			isa = PBXContainerItemProxy;
			containerPortal = 8AD8DB911AC1C12E000759FE /* Project object */;
			proxyType = 1;
			remoteGlobalIDString = 8AD8DB981AC1C12E000759FE;
			remoteInfo = GameSpritekit;
		};
/* End PBXContainerItemProxy section */

/* Begin PBXFileReference section */
		8AD8DB991AC1C12E000759FE /* GameSpritekit.app */ = {isa = PBXFileReference; explicitFileType = wrapper.application; includeInIndex = 0; path = GameSpritekit.app; sourceTree = BUILT_PRODUCTS_DIR; };
		8AD8DB9D1AC1C12E000759FE /* Info.plist */ = {isa = PBXFileReference; lastKnownFileType = text.plist.xml; path = Info.plist; sourceTree = "<group>"; };
		8AD8DB9E1AC1C12E000759FE /* main.m */ = {isa = PBXFileReference; lastKnownFileType = sourcecode.c.objc; path = main.m; sourceTree = "<group>"; };
		8AD8DBA01AC1C12E000759FE /* AppDelegate.h */ = {isa = PBXFileReference; lastKnownFileType = sourcecode.c.h; path = AppDelegate.h; sourceTree = "<group>"; };
		8AD8DBA11AC1C12E000759FE /* AppDelegate.m */ = {isa = PBXFileReference; lastKnownFileType = sourcecode.c.objc; path = AppDelegate.m; sourceTree = "<group>"; };
		8AD8DBA31AC1C12E000759FE /* GameScene.h */ = {isa = PBXFileReference; lastKnownFileType = sourcecode.c.h; path = GameScene.h; sourceTree = "<group>"; };
		8AD8DBA41AC1C12E000759FE /* GameScene.m */ = {isa = PBXFileReference; lastKnownFileType = sourcecode.c.objc; path = GameScene.m; sourceTree = "<group>"; };
		8AD8DBA61AC1C12E000759FE /* GameScene.sks */ = {isa = PBXFileReference; lastKnownFileType = file.sks; path = GameScene.sks; sourceTree = "<group>"; };
		8AD8DBA81AC1C12E000759FE /* GameViewController.h */ = {isa = PBXFileReference; lastKnownFileType = sourcecode.c.h; path = GameViewController.h; sourceTree = "<group>"; };
		8AD8DBA91AC1C12E000759FE /* GameViewController.m */ = {isa = PBXFileReference; lastKnownFileType = sourcecode.c.objc; path = GameViewController.m; sourceTree = "<group>"; };
		8AD8DBAC1AC1C12E000759FE /* Base */ = {isa = PBXFileReference; lastKnownFileType = file.storyboard; name = Base; path = Base.lproj/Main.storyboard; sourceTree = "<group>"; };
		8AD8DBAE1AC1C12E000759FE /* Images.xcassets */ = {isa = PBXFileReference; lastKnownFileType = folder.assetcatalog; path = Images.xcassets; sourceTree = "<group>"; };
		8AD8DBB11AC1C12E000759FE /* Base */ = {isa = PBXFileReference; lastKnownFileType = file.xib; name = Base; path = Base.lproj/LaunchScreen.xib; sourceTree = "<group>"; };
		8AD8DBB71AC1C12E000759FE /* GameSpritekitTests.xctest */ = {isa = PBXFileReference; explicitFileType = wrapper.cfbundle; includeInIndex = 0; path = GameSpritekitTests.xctest; sourceTree = BUILT_PRODUCTS_DIR; };
		8AD8DBBC1AC1C12E000759FE /* Info.plist */ = {isa = PBXFileReference; lastKnownFileType = text.plist.xml; path = Info.plist; sourceTree = "<group>"; };
		8AD8DBBD1AC1C12E000759FE /* GameSpritekitTests.m */ = {isa = PBXFileReference; lastKnownFileType = sourcecode.c.objc; path = GameSpritekitTests.m; sourceTree = "<group>"; };
		8AD8DBC71AC1C41C000759FE /* Right.h */ = {isa = PBXFileReference; fileEncoding = 4; lastKnownFileType = sourcecode.c.h; path = Right.h; sourceTree = "<group>"; };
		8AD8DBC81AC1C41C000759FE /* Right.m */ = {isa = PBXFileReference; fileEncoding = 4; lastKnownFileType = sourcecode.c.objc; path = Right.m; sourceTree = "<group>"; };
		8AD8DBCA1AC1D0D5000759FE /* Left.h */ = {isa = PBXFileReference; fileEncoding = 4; lastKnownFileType = sourcecode.c.h; path = Left.h; sourceTree = "<group>"; };
		8AD8DBCB1AC1D0D5000759FE /* Left.m */ = {isa = PBXFileReference; fileEncoding = 4; lastKnownFileType = sourcecode.c.objc; path = Left.m; sourceTree = "<group>"; };
/* End PBXFileReference section */

/* Begin PBXFrameworksBuildPhase section */
		8AD8DB961AC1C12E000759FE /* Frameworks */ = {
			isa = PBXFrameworksBuildPhase;
			buildActionMask = 2147483647;
			files = (
			);
			runOnlyForDeploymentPostprocessing = 0;
		};
		8AD8DBB41AC1C12E000759FE /* Frameworks */ = {
			isa = PBXFrameworksBuildPhase;
			buildActionMask = 2147483647;
			files = (
			);
			runOnlyForDeploymentPostprocessing = 0;
		};
/* End PBXFrameworksBuildPhase section */

/* Begin PBXGroup section */
		8AD8DB901AC1C12E000759FE = {
			isa = PBXGroup;
			children = (
				8AD8DB9B1AC1C12E000759FE /* GameSpritekit */,
				8AD8DBBA1AC1C12E000759FE /* GameSpritekitTests */,
				8AD8DB9A1AC1C12E000759FE /* Products */,
			);
			sourceTree = "<group>";
		};
		8AD8DB9A1AC1C12E000759FE /* Products */ = {
			isa = PBXGroup;
			children = (
				8AD8DB991AC1C12E000759FE /* GameSpritekit.app */,
				8AD8DBB71AC1C12E000759FE /* GameSpritekitTests.xctest */,
			);
			name = Products;
			sourceTree = "<group>";
		};
		8AD8DB9B1AC1C12E000759FE /* GameSpritekit */ = {
			isa = PBXGroup;
			children = (
				8AD8DBA01AC1C12E000759FE /* AppDelegate.h */,
				8AD8DBA11AC1C12E000759FE /* AppDelegate.m */,
				8AD8DBA31AC1C12E000759FE /* GameScene.h */,
				8AD8DBA41AC1C12E000759FE /* GameScene.m */,
				8AD8DBC71AC1C41C000759FE /* Right.h */,
				8AD8DBC81AC1C41C000759FE /* Right.m */,
				8AD8DBA61AC1C12E000759FE /* GameScene.sks */,
				8AD8DBA81AC1C12E000759FE /* GameViewController.h */,
				8AD8DBA91AC1C12E000759FE /* GameViewController.m */,
				8AD8DBAB1AC1C12E000759FE /* Main.storyboard */,
				8AD8DBAE1AC1C12E000759FE /* Images.xcassets */,
				8AD8DBB01AC1C12E000759FE /* LaunchScreen.xib */,
				8AD8DB9C1AC1C12E000759FE /* Supporting Files */,
				8AD8DBCA1AC1D0D5000759FE /* Left.h */,
				8AD8DBCB1AC1D0D5000759FE /* Left.m */,
			);
			path = GameSpritekit;
			sourceTree = "<group>";
		};
		8AD8DB9C1AC1C12E000759FE /* Supporting Files */ = {
			isa = PBXGroup;
			children = (
				8AD8DB9D1AC1C12E000759FE /* Info.plist */,
				8AD8DB9E1AC1C12E000759FE /* main.m */,
			);
			name = "Supporting Files";
			sourceTree = "<group>";
		};
		8AD8DBBA1AC1C12E000759FE /* GameSpritekitTests */ = {
			isa = PBXGroup;
			children = (
				8AD8DBBD1AC1C12E000759FE /* GameSpritekitTests.m */,
				8AD8DBBB1AC1C12E000759FE /* Supporting Files */,
			);
			path = GameSpritekitTests;
			sourceTree = "<group>";
		};
		8AD8DBBB1AC1C12E000759FE /* Supporting Files */ = {
			isa = PBXGroup;
			children = (
				8AD8DBBC1AC1C12E000759FE /* Info.plist */,
			);
			name = "Supporting Files";
			sourceTree = "<group>";
		};
/* End PBXGroup section */

/* Begin PBXNativeTarget section */
		8AD8DB981AC1C12E000759FE /* GameSpritekit */ = {
			isa = PBXNativeTarget;
			buildConfigurationList = 8AD8DBC11AC1C12E000759FE /* Build configuration list for PBXNativeTarget "GameSpritekit" */;
			buildPhases = (
				8AD8DB951AC1C12E000759FE /* Sources */,
				8AD8DB961AC1C12E000759FE /* Frameworks */,
				8AD8DB971AC1C12E000759FE /* Resources */,
			);
			buildRules = (
			);
			dependencies = (
			);
			name = GameSpritekit;
			productName = GameSpritekit;
			productReference = 8AD8DB991AC1C12E000759FE /* GameSpritekit.app */;
			productType = "com.apple.product-type.application";
		};
		8AD8DBB61AC1C12E000759FE /* GameSpritekitTests */ = {
			isa = PBXNativeTarget;
			buildConfigurationList = 8AD8DBC41AC1C12E000759FE /* Build configuration list for PBXNativeTarget "GameSpritekitTests" */;
			buildPhases = (
				8AD8DBB31AC1C12E000759FE /* Sources */,
				8AD8DBB41AC1C12E000759FE /* Frameworks */,
				8AD8DBB51AC1C12E000759FE /* Resources */,
			);
			buildRules = (
			);
			dependencies = (
				8AD8DBB91AC1C12E000759FE /* PBXTargetDependency */,
			);
			name = GameSpritekitTests;
			productName = GameSpritekitTests;
			productReference = 8AD8DBB71AC1C12E000759FE /* GameSpritekitTests.xctest */;
			productType = "com.apple.product-type.bundle.unit-test";
		};
/* End PBXNativeTarget section */

/* Begin PBXProject section */
		8AD8DB911AC1C12E000759FE /* Project object */ = {
			isa = PBXProject;
			attributes = {
				LastUpgradeCheck = 0620;
				ORGANIZATIONNAME = com.giria;
				TargetAttributes = {
					8AD8DB981AC1C12E000759FE = {
						CreatedOnToolsVersion = 6.2;
					};
					8AD8DBB61AC1C12E000759FE = {
						CreatedOnToolsVersion = 6.2;
						TestTargetID = 8AD8DB981AC1C12E000759FE;
					};
				};
			};
			buildConfigurationList = 8AD8DB941AC1C12E000759FE /* Build configuration list for PBXProject "GameSpritekit" */;
			compatibilityVersion = "Xcode 3.2";
			developmentRegion = English;
			hasScannedForEncodings = 0;
			knownRegions = (
				en,
				Base,
			);
			mainGroup = 8AD8DB901AC1C12E000759FE;
			productRefGroup = 8AD8DB9A1AC1C12E000759FE /* Products */;
			projectDirPath = "";
			projectRoot = "";
			targets = (
				8AD8DB981AC1C12E000759FE /* GameSpritekit */,
				8AD8DBB61AC1C12E000759FE /* GameSpritekitTests */,
			);
		};
/* End PBXProject section */

/* Begin PBXResourcesBuildPhase section */
		8AD8DB971AC1C12E000759FE /* Resources */ = {
			isa = PBXResourcesBuildPhase;
			buildActionMask = 2147483647;
			files = (
				8AD8DBB21AC1C12E000759FE /* LaunchScreen.xib in Resources */,
				8AD8DBAF1AC1C12E000759FE /* Images.xcassets in Resources */,
				8AD8DBA71AC1C12E000759FE /* GameScene.sks in Resources */,
				8AD8DBAD1AC1C12E000759FE /* Main.storyboard in Resources */,
			);
			runOnlyForDeploymentPostprocessing = 0;
		};
		8AD8DBB51AC1C12E000759FE /* Resources */ = {
			isa = PBXResourcesBuildPhase;
			buildActionMask = 2147483647;
			files = (
			);
			runOnlyForDeploymentPostprocessing = 0;
		};
/* End PBXResourcesBuildPhase section */

/* Begin PBXSourcesBuildPhase section */
		8AD8DB951AC1C12E000759FE /* Sources */ = {
			isa = PBXSourcesBuildPhase;
			buildActionMask = 2147483647;
			files = (
				8AD8DBCC1AC1D0D5000759FE /* Left.m in Sources */,
				8AD8DBAA1AC1C12E000759FE /* GameViewController.m in Sources */,
				8AD8DBA21AC1C12E000759FE /* AppDelegate.m in Sources */,
				8AD8DBC91AC1C41C000759FE /* Right.m in Sources */,
				8AD8DBA51AC1C12E000759FE /* GameScene.m in Sources */,
				8AD8DB9F1AC1C12E000759FE /* main.m in Sources */,
			);
			runOnlyForDeploymentPostprocessing = 0;
		};
		8AD8DBB31AC1C12E000759FE /* Sources */ = {
			isa = PBXSourcesBuildPhase;
			buildActionMask = 2147483647;
			files = (
				8AD8DBBE1AC1C12E000759FE /* GameSpritekitTests.m in Sources */,
			);
			runOnlyForDeploymentPostprocessing = 0;
		};
/* End PBXSourcesBuildPhase section */

/* Begin PBXTargetDependency section */
		8AD8DBB91AC1C12E000759FE /* PBXTargetDependency */ = {
			isa = PBXTargetDependency;
			target = 8AD8DB981AC1C12E000759FE /* GameSpritekit */;
			targetProxy = 8AD8DBB81AC1C12E000759FE /* PBXContainerItemProxy */;
		};
/* End PBXTargetDependency section */

/* Begin PBXVariantGroup section */
		8AD8DBAB1AC1C12E000759FE /* Main.storyboard */ = {
			isa = PBXVariantGroup;
			children = (
				8AD8DBAC1AC1C12E000759FE /* Base */,
			);
			name = Main.storyboard;
			sourceTree = "<group>";
		};
		8AD8DBB01AC1C12E000759FE /* LaunchScreen.xib */ = {
			isa = PBXVariantGroup;
			children = (
				8AD8DBB11AC1C12E000759FE /* Base */,
			);
			name = LaunchScreen.xib;
			sourceTree = "<group>";
		};
/* End PBXVariantGroup section */

/* Begin XCBuildConfiguration section */
		8AD8DBBF1AC1C12E000759FE /* Debug */ = {
			isa = XCBuildConfiguration;
			buildSettings = {
				ALWAYS_SEARCH_USER_PATHS = NO;
				CLANG_CXX_LANGUAGE_STANDARD = "gnu++0x";
				CLANG_CXX_LIBRARY = "libc++";
				CLANG_ENABLE_MODULES = YES;
				CLANG_ENABLE_OBJC_ARC = YES;
				CLANG_WARN_BOOL_CONVERSION = YES;
				CLANG_WARN_CONSTANT_CONVERSION = YES;
				CLANG_WARN_DIRECT_OBJC_ISA_USAGE = YES_ERROR;
				CLANG_WARN_EMPTY_BODY = YES;
				CLANG_WARN_ENUM_CONVERSION = YES;
				CLANG_WARN_INT_CONVERSION = YES;
				CLANG_WARN_OBJC_ROOT_CLASS = YES_ERROR;
				CLANG_WARN_UNREACHABLE_CODE = YES;
				CLANG_WARN__DUPLICATE_METHOD_MATCH = YES;
				"CODE_SIGN_IDENTITY[sdk=iphoneos*]" = "iPhone Developer";
				COPY_PHASE_STRIP = NO;
				ENABLE_STRICT_OBJC_MSGSEND = YES;
				GCC_C_LANGUAGE_STANDARD = gnu99;
				GCC_DYNAMIC_NO_PIC = NO;
				GCC_OPTIMIZATION_LEVEL = 0;
				GCC_PREPROCESSOR_DEFINITIONS = (
					"DEBUG=1",
					"$(inherited)",
				);
				GCC_SYMBOLS_PRIVATE_EXTERN = NO;
				GCC_WARN_64_TO_32_BIT_CONVERSION = YES;
				GCC_WARN_ABOUT_RETURN_TYPE = YES_ERROR;
				GCC_WARN_UNDECLARED_SELECTOR = YES;
				GCC_WARN_UNINITIALIZED_AUTOS = YES_AGGRESSIVE;
				GCC_WARN_UNUSED_FUNCTION = YES;
				GCC_WARN_UNUSED_VARIABLE = YES;
				IPHONEOS_DEPLOYMENT_TARGET = 8.2;
				MTL_ENABLE_DEBUG_INFO = YES;
				ONLY_ACTIVE_ARCH = YES;
				SDKROOT = iphoneos;
			};
			name = Debug;
		};
		8AD8DBC01AC1C12E000759FE /* Release */ = {
			isa = XCBuildConfiguration;
			buildSettings = {
				ALWAYS_SEARCH_USER_PATHS = NO;
				CLANG_CXX_LANGUAGE_STANDARD = "gnu++0x";
				CLANG_CXX_LIBRARY = "libc++";
				CLANG_ENABLE_MODULES = YES;
				CLANG_ENABLE_OBJC_ARC = YES;
				CLANG_WARN_BOOL_CONVERSION = YES;
				CLANG_WARN_CONSTANT_CONVERSION = YES;
				CLANG_WARN_DIRECT_OBJC_ISA_USAGE = YES_ERROR;
				CLANG_WARN_EMPTY_BODY = YES;
				CLANG_WARN_ENUM_CONVERSION = YES;
				CLANG_WARN_INT_CONVERSION = YES;
				CLANG_WARN_OBJC_ROOT_CLASS = YES_ERROR;
				CLANG_WARN_UNREACHABLE_CODE = YES;
				CLANG_WARN__DUPLICATE_METHOD_MATCH = YES;
				"CODE_SIGN_IDENTITY[sdk=iphoneos*]" = "iPhone Developer";
				COPY_PHASE_STRIP = NO;
				ENABLE_NS_ASSERTIONS = NO;
				ENABLE_STRICT_OBJC_MSGSEND = YES;
				GCC_C_LANGUAGE_STANDARD = gnu99;
				GCC_WARN_64_TO_32_BIT_CONVERSION = YES;
				GCC_WARN_ABOUT_RETURN_TYPE = YES_ERROR;
				GCC_WARN_UNDECLARED_SELECTOR = YES;
				GCC_WARN_UNINITIALIZED_AUTOS = YES_AGGRESSIVE;
				GCC_WARN_UNUSED_FUNCTION = YES;
				GCC_WARN_UNUSED_VARIABLE = YES;
				IPHONEOS_DEPLOYMENT_TARGET = 8.2;
				MTL_ENABLE_DEBUG_INFO = NO;
				SDKROOT = iphoneos;
				VALIDATE_PRODUCT = YES;
			};
			name = Release;
		};
		8AD8DBC21AC1C12E000759FE /* Debug */ = {
			isa = XCBuildConfiguration;
			buildSettings = {
				ASSETCATALOG_COMPILER_APPICON_NAME = AppIcon;
				INFOPLIST_FILE = GameSpritekit/Info.plist;
				LD_RUNPATH_SEARCH_PATHS = "$(inherited) @executable_path/Frameworks";
				PRODUCT_NAME = "$(TARGET_NAME)";
			};
			name = Debug;
		};
		8AD8DBC31AC1C12E000759FE /* Release */ = {
			isa = XCBuildConfiguration;
			buildSettings = {
				ASSETCATALOG_COMPILER_APPICON_NAME = AppIcon;
				INFOPLIST_FILE = GameSpritekit/Info.plist;
				LD_RUNPATH_SEARCH_PATHS = "$(inherited) @executable_path/Frameworks";
				PRODUCT_NAME = "$(TARGET_NAME)";
			};
			name = Release;
		};
		8AD8DBC51AC1C12E000759FE /* Debug */ = {
			isa = XCBuildConfiguration;
			buildSettings = {
				BUNDLE_LOADER = "$(TEST_HOST)";
				FRAMEWORK_SEARCH_PATHS = (
					"$(SDKROOT)/Developer/Library/Frameworks",
					"$(inherited)",
				);
				GCC_PREPROCESSOR_DEFINITIONS = (
					"DEBUG=1",
					"$(inherited)",
				);
				INFOPLIST_FILE = GameSpritekitTests/Info.plist;
				LD_RUNPATH_SEARCH_PATHS = "$(inherited) @executable_path/Frameworks @loader_path/Frameworks";
				PRODUCT_NAME = "$(TARGET_NAME)";
				TEST_HOST = "$(BUILT_PRODUCTS_DIR)/GameSpritekit.app/GameSpritekit";
			};
			name = Debug;
		};
		8AD8DBC61AC1C12E000759FE /* Release */ = {
			isa = XCBuildConfiguration;
			buildSettings = {
				BUNDLE_LOADER = "$(TEST_HOST)";
				FRAMEWORK_SEARCH_PATHS = (
					"$(SDKROOT)/Developer/Library/Frameworks",
					"$(inherited)",
				);
				INFOPLIST_FILE = GameSpritekitTests/Info.plist;
				LD_RUNPATH_SEARCH_PATHS = "$(inherited) @executable_path/Frameworks @loader_path/Frameworks";
				PRODUCT_NAME = "$(TARGET_NAME)";
				TEST_HOST = "$(BUILT_PRODUCTS_DIR)/GameSpritekit.app/GameSpritekit";
			};
			name = Release;
		};
/* End XCBuildConfiguration section */

/* Begin XCConfigurationList section */
		8AD8DB941AC1C12E000759FE /* Build configuration list for PBXProject "GameSpritekit" */ = {
			isa = XCConfigurationList;
			buildConfigurations = (
				8AD8DBBF1AC1C12E000759FE /* Debug */,
				8AD8DBC01AC1C12E000759FE /* Release */,
			);
			defaultConfigurationIsVisible = 0;
			defaultConfigurationName = Release;
		};
		8AD8DBC11AC1C12E000759FE /* Build configuration list for PBXNativeTarget "GameSpritekit" */ = {
			isa = XCConfigurationList;
			buildConfigurations = (
				8AD8DBC21AC1C12E000759FE /* Debug */,
				8AD8DBC31AC1C12E000759FE /* Release */,
			);
			defaultConfigurationIsVisible = 0;
		};
		8AD8DBC41AC1C12E000759FE /* Build configuration list for PBXNativeTarget "GameSpritekitTests" */ = {
			isa = XCConfigurationList;
			buildConfigurations = (
				8AD8DBC51AC1C12E000759FE /* Debug */,
				8AD8DBC61AC1C12E000759FE /* Release */,
			);
			defaultConfigurationIsVisible = 0;
		};
/* End XCConfigurationList section */
	};
	rootObject = 8AD8DB911AC1C12E000759FE /* Project object */;
}
